
Microsoft Visual Studio Solution File, Format Version 12.00
# Visual Studio Version 16
VisualStudioVersion = 16.0.31205.134
MinimumVisualStudioVersion = 10.0.40219.1
Project("{888888A0-9F3D-457C-B088-3A5042F75D52}") = "kvint1bot", "kvint1bot.pyproj", "{076DA0DA-B342-4D04-8FAA-D7972F5391AF}"
EndProject
Global
	GlobalSection(SolutionConfigurationPlatforms) = preSolution
		Debug|Any CPU = Debug|Any CPU
		Release|Any CPU = Release|Any CPU
	EndGlobalSection
	GlobalSection(ProjectConfigurationPlatforms) = postSolution
		{076DA0DA-B342-4D04-8FAA-D7972F5391AF}.Debug|Any CPU.ActiveCfg = Debug|Any CPU
		{076DA0DA-B342-4D04-8FAA-D7972F5391AF}.Release|Any CPU.ActiveCfg = Release|Any CPU
	EndGlobalSection
	GlobalSection(SolutionProperties) = preSolution
		HideSolutionNode = FALSE
	EndGlobalSection
	GlobalSection(ExtensibilityGlobals) = postSolution
		SolutionGuid = {D66F9144-EC26-4124-865F-837DCF2B1884}
	EndGlobalSection
EndGlobal
